
Microsoft Visual Studio Solution File, Format Version 12.00
# Visual Studio Version 16
VisualStudioVersion = 16.0.30907.101
MinimumVisualStudioVersion = 10.0.40219.1
Project("{FAE04EC0-301F-11D3-BF4B-00C04F79EFBC}") = "Eni.Demo.Console", "Eni.Demo.Console\Eni.Demo.Console.csproj", "{0C821E05-7B7D-4408-8CCC-34F2C5879C1F}"
EndProject
Project("{2150E333-8FDC-42A3-9474-1A3956D46DE8}") = "Module_1", "Module_1", "{05959F4C-5621-45E4-8AFE-6B217FD0816F}"
EndProject
Project("{2150E333-8FDC-42A3-9474-1A3956D46DE8}") = "Module_2", "Module_2", "{26412CA4-27DE-4CD6-B796-9F2038DCCB90}"
EndProject
Project("{FAE04EC0-301F-11D3-BF4B-00C04F79EFBC}") = "Eni.Demo.Module2.Lib", "Eni.Demo.Module2\Eni.Demo.Module2.Lib.csproj", "{C3D49EA5-AB83-474A-A650-B92CBB884CEB}"
EndProject
Project("{FAE04EC0-301F-11D3-BF4B-00C04F79EFBC}") = "Eni.Demo.Module2.Console", "Eni.Demo.Module2.Console\Eni.Demo.Module2.Console.csproj", "{373B3D97-22CB-4DE6-ABC3-56739AD553E6}"
EndProject
Project("{2150E333-8FDC-42A3-9474-1A3956D46DE8}") = "TP_1_Heritage", "TP_1_Heritage", "{19822451-114D-492A-89D3-DE649F94DBDE}"
EndProject
Project("{FAE04EC0-301F-11D3-BF4B-00C04F79EFBC}") = "Tp_Heritage", "Tp_Heritage\Tp_Heritage.csproj", "{E25A0BC1-64DC-415A-9625-FFE2CAB6209A}"
EndProject
Project("{2150E333-8FDC-42A3-9474-1A3956D46DE8}") = "TP_2_Linq", "TP_2_Linq", "{A8159754-6522-4360-9CCC-9564403153FC}"
EndProject
Project("{FAE04EC0-301F-11D3-BF4B-00C04F79EFBC}") = "Tp.Linq", "Tp.Linq\Tp.Linq.csproj", "{DAA319AC-8F66-40A4-8CFA-E5A90F0A428B}"
EndProject
Project("{2150E333-8FDC-42A3-9474-1A3956D46DE8}") = "AspNet", "AspNet", "{4C072260-F78C-4026-8013-F9598A0E9F96}"
EndProject
Project("{FAE04EC0-301F-11D3-BF4B-00C04F79EFBC}") = "Eni.Demo.AspNet", "Eni.Demo.AspNet\Eni.Demo.AspNet.csproj", "{279B5E4A-15DA-4306-9F7C-40F330BD12D2}"
EndProject
Project("{2150E333-8FDC-42A3-9474-1A3956D46DE8}") = "TP_3_ASP", "TP_3_ASP", "{4CFC23AB-2010-46F2-AE90-28D5C9C6A628}"
EndProject
Project("{FAE04EC0-301F-11D3-BF4B-00C04F79EFBC}") = "Eni.Tp.Asp", "Eni.Tp.Asp\Eni.Tp.Asp.csproj", "{8AF7D5A0-DECA-4543-9C0E-F159C02FCF59}"
EndProject
Global
	GlobalSection(SolutionConfigurationPlatforms) = preSolution
		Debug|Any CPU = Debug|Any CPU
		Release|Any CPU = Release|Any CPU
	EndGlobalSection
	GlobalSection(ProjectConfigurationPlatforms) = postSolution
		{0C821E05-7B7D-4408-8CCC-34F2C5879C1F}.Debug|Any CPU.ActiveCfg = Debug|Any CPU
		{0C821E05-7B7D-4408-8CCC-34F2C5879C1F}.Debug|Any CPU.Build.0 = Debug|Any CPU
		{0C821E05-7B7D-4408-8CCC-34F2C5879C1F}.Release|Any CPU.ActiveCfg = Release|Any CPU
		{0C821E05-7B7D-4408-8CCC-34F2C5879C1F}.Release|Any CPU.Build.0 = Release|Any CPU
		{C3D49EA5-AB83-474A-A650-B92CBB884CEB}.Debug|Any CPU.ActiveCfg = Debug|Any CPU
		{C3D49EA5-AB83-474A-A650-B92CBB884CEB}.Debug|Any CPU.Build.0 = Debug|Any CPU
		{C3D49EA5-AB83-474A-A650-B92CBB884CEB}.Release|Any CPU.ActiveCfg = Release|Any CPU
		{C3D49EA5-AB83-474A-A650-B92CBB884CEB}.Release|Any CPU.Build.0 = Release|Any CPU
		{373B3D97-22CB-4DE6-ABC3-56739AD553E6}.Debug|Any CPU.ActiveCfg = Debug|Any CPU
		{373B3D97-22CB-4DE6-ABC3-56739AD553E6}.Debug|Any CPU.Build.0 = Debug|Any CPU
		{373B3D97-22CB-4DE6-ABC3-56739AD553E6}.Release|Any CPU.ActiveCfg = Release|Any CPU
		{373B3D97-22CB-4DE6-ABC3-56739AD553E6}.Release|Any CPU.Build.0 = Release|Any CPU
		{E25A0BC1-64DC-415A-9625-FFE2CAB6209A}.Debug|Any CPU.ActiveCfg = Debug|Any CPU
		{E25A0BC1-64DC-415A-9625-FFE2CAB6209A}.Debug|Any CPU.Build.0 = Debug|Any CPU
		{E25A0BC1-64DC-415A-9625-FFE2CAB6209A}.Release|Any CPU.ActiveCfg = Release|Any CPU
		{E25A0BC1-64DC-415A-9625-FFE2CAB6209A}.Release|Any CPU.Build.0 = Release|Any CPU
		{DAA319AC-8F66-40A4-8CFA-E5A90F0A428B}.Debug|Any CPU.ActiveCfg = Debug|Any CPU
		{DAA319AC-8F66-40A4-8CFA-E5A90F0A428B}.Debug|Any CPU.Build.0 = Debug|Any CPU
		{DAA319AC-8F66-40A4-8CFA-E5A90F0A428B}.Release|Any CPU.ActiveCfg = Release|Any CPU
		{DAA319AC-8F66-40A4-8CFA-E5A90F0A428B}.Release|Any CPU.Build.0 = Release|Any CPU
		{279B5E4A-15DA-4306-9F7C-40F330BD12D2}.Debug|Any CPU.ActiveCfg = Debug|Any CPU
		{279B5E4A-15DA-4306-9F7C-40F330BD12D2}.Debug|Any CPU.Build.0 = Debug|Any CPU
		{279B5E4A-15DA-4306-9F7C-40F330BD12D2}.Release|Any CPU.ActiveCfg = Release|Any CPU
		{279B5E4A-15DA-4306-9F7C-40F330BD12D2}.Release|Any CPU.Build.0 = Release|Any CPU
		{8AF7D5A0-DECA-4543-9C0E-F159C02FCF59}.Debug|Any CPU.ActiveCfg = Debug|Any CPU
		{8AF7D5A0-DECA-4543-9C0E-F159C02FCF59}.Debug|Any CPU.Build.0 = Debug|Any CPU
		{8AF7D5A0-DECA-4543-9C0E-F159C02FCF59}.Release|Any CPU.ActiveCfg = Release|Any CPU
		{8AF7D5A0-DECA-4543-9C0E-F159C02FCF59}.Release|Any CPU.Build.0 = Release|Any CPU
	EndGlobalSection
	GlobalSection(SolutionProperties) = preSolution
		HideSolutionNode = FALSE
	EndGlobalSection
	GlobalSection(NestedProjects) = preSolution
		{0C821E05-7B7D-4408-8CCC-34F2C5879C1F} = {05959F4C-5621-45E4-8AFE-6B217FD0816F}
		{C3D49EA5-AB83-474A-A650-B92CBB884CEB} = {26412CA4-27DE-4CD6-B796-9F2038DCCB90}
		{373B3D97-22CB-4DE6-ABC3-56739AD553E6} = {26412CA4-27DE-4CD6-B796-9F2038DCCB90}
		{E25A0BC1-64DC-415A-9625-FFE2CAB6209A} = {19822451-114D-492A-89D3-DE649F94DBDE}
		{DAA319AC-8F66-40A4-8CFA-E5A90F0A428B} = {A8159754-6522-4360-9CCC-9564403153FC}
		{279B5E4A-15DA-4306-9F7C-40F330BD12D2} = {4C072260-F78C-4026-8013-F9598A0E9F96}
		{8AF7D5A0-DECA-4543-9C0E-F159C02FCF59} = {4CFC23AB-2010-46F2-AE90-28D5C9C6A628}
	EndGlobalSection
	GlobalSection(ExtensibilityGlobals) = postSolution
		SolutionGuid = {106857CA-CCE2-4A4D-AD20-BE6D20972997}
	EndGlobalSection
EndGlobal
