
Microsoft Visual Studio Solution File, Format Version 12.00
# Visual Studio Version 16
VisualStudioVersion = 16.0.30907.101
MinimumVisualStudioVersion = 10.0.40219.1
Project("{FAE04EC0-301F-11D3-BF4B-00C04F79EFBC}") = "Eni.Demo.Console", "Eni.Demo.Console\Eni.Demo.Console.csproj", "{0C821E05-7B7D-4408-8CCC-34F2C5879C1F}"
EndProject
Project("{2150E333-8FDC-42A3-9474-1A3956D46DE8}") = "Module_1", "Module_1", "{05959F4C-5621-45E4-8AFE-6B217FD0816F}"
EndProject
Project("{2150E333-8FDC-42A3-9474-1A3956D46DE8}") = "Module_2", "Module_2", "{26412CA4-27DE-4CD6-B796-9F2038DCCB90}"
EndProject
Project("{FAE04EC0-301F-11D3-BF4B-00C04F79EFBC}") = "Eni.Demo.Module2.Lib", "Eni.Demo.Module2\Eni.Demo.Module2.Lib.csproj", "{C3D49EA5-AB83-474A-A650-B92CBB884CEB}"
EndProject
Project("{FAE04EC0-301F-11D3-BF4B-00C04F79EFBC}") = "Eni.Demo.Module2.Console", "Eni.Demo.Module2.Console\Eni.Demo.Module2.Console.csproj", "{373B3D97-22CB-4DE6-ABC3-56739AD553E6}"
EndProject
Project("{2150E333-8FDC-42A3-9474-1A3956D46DE8}") = "TP_1_Heritage", "TP_1_Heritage", "{19822451-114D-492A-89D3-DE649F94DBDE}"
EndProject
Project("{FAE04EC0-301F-11D3-BF4B-00C04F79EFBC}") = "Tp_Heritage", "Tp_Heritage\Tp_Heritage.csproj", "{E25A0BC1-64DC-415A-9625-FFE2CAB6209A}"
EndProject
Project("{2150E333-8FDC-42A3-9474-1A3956D46DE8}") = "TP_2_Linq", "TP_2_Linq", "{A8159754-6522-4360-9CCC-9564403153FC}"
EndProject
Project("{FAE04EC0-301F-11D3-BF4B-00C04F79EFBC}") = "Tp.Linq", "Tp.Linq\Tp.Linq.csproj", "{DAA319AC-8F66-40A4-8CFA-E5A90F0A428B}"
EndProject
Project("{2150E333-8FDC-42A3-9474-1A3956D46DE8}") = "AspNet", "AspNet", "{4C072260-F78C-4026-8013-F9598A0E9F96}"
EndProject
Project("{9A19103F-16F7-4668-BE54-9A1E7A4F7556}") = "Eni.Demo.AspNet", "Eni.Demo.AspNet\Eni.Demo.AspNet.csproj", "{279B5E4A-15DA-4306-9F7C-40F330BD12D2}"
EndProject
Project("{2150E333-8FDC-42A3-9474-1A3956D46DE8}") = "TP_3_ASP", "TP_3_ASP", "{4CFC23AB-2010-46F2-AE90-28D5C9C6A628}"
EndProject
Project("{9A19103F-16F7-4668-BE54-9A1E7A4F7556}") = "Eni.Tp.Asp", "Eni.Tp.Asp\Eni.Tp.Asp.csproj", "{8AF7D5A0-DECA-4543-9C0E-F159C02FCF59}"
EndProject
Project("{2150E333-8FDC-42A3-9474-1A3956D46DE8}") = "TP_Pizza", "TP_Pizza", "{5D1243C6-06C5-489E-A8AC-0F29DF865370}"
EndProject
Project("{9A19103F-16F7-4668-BE54-9A1E7A4F7556}") = "Eni.TP_Pizza", "Eni.Tp.Pizza\Eni.TP_Pizza.csproj", "{E819DEAE-E422-4D7A-95D5-B77D1808BE59}"
EndProject
Project("{2150E333-8FDC-42A3-9474-1A3956D46DE8}") = "TpSamourai", "TpSamourai", "{1A319C63-019D-4DE4-AEE2-38458364A110}"
EndProject
Project("{2150E333-8FDC-42A3-9474-1A3956D46DE8}") = "Demo_Albums_EF", "Demo_Albums_EF", "{180687EC-BD97-4C65-86A4-D940ACFFC54B}"
EndProject
Project("{9A19103F-16F7-4668-BE54-9A1E7A4F7556}") = "AlbumMusique.DataAccessLayer", "..\..\..\Downloads\Eni.Demo - Module 6 V1\Eni.Demo\AlbumMusique.DataAccessLayer\AlbumMusique.DataAccessLayer.csproj", "{140A1B67-7E5F-481B-9822-FCCB5D2D325D}"
EndProject
Project("{9A19103F-16F7-4668-BE54-9A1E7A4F7556}") = "AlbumMusique.Web", "..\..\..\Downloads\Eni.Demo - Module 6 V1\Eni.Demo\AlbumMusique.Web\AlbumMusique.Web.csproj", "{FE41D43A-E20A-4A5D-8057-A2D90410F695}"
EndProject
Project("{9A19103F-16F7-4668-BE54-9A1E7A4F7556}") = "Tp_Samourai.DAL", "Tp_Samourai.DAL\Tp_Samourai.DAL.csproj", "{D01A183D-AE14-4F1E-B400-7348203F5893}"
EndProject
Project("{9A19103F-16F7-4668-BE54-9A1E7A4F7556}") = "Tp_Samourai.Web", "Tp_Samourai.Web\Tp_Samourai.Web.csproj", "{C17C4297-C988-4C59-A021-1EFAE08F745A}"
EndProject
Project("{2150E333-8FDC-42A3-9474-1A3956D46DE8}") = "Tp_Dojo_Base", "Tp_Dojo_Base", "{7D3290EA-DD20-41AF-9611-5297D4FB3575}"
EndProject
Project("{9A19103F-16F7-4668-BE54-9A1E7A4F7556}") = "Module6.Tp1.DataAccessLayer", "Module6.Tp1.DataAccessLayer\Module6.Tp1.DataAccessLayer.csproj", "{5CCA7CAC-3A68-4766-8D29-CF09E622C228}"
EndProject
Project("{9A19103F-16F7-4668-BE54-9A1E7A4F7556}") = "Module6.Tp1.Web.Business", "Module6.Tp1.Web.Business\Module6.Tp1.Web.Business.csproj", "{44242654-C41F-4508-AEAB-71C383A13C31}"
EndProject
Project("{9A19103F-16F7-4668-BE54-9A1E7A4F7556}") = "Module6.Tp1.Web", "Module6.Tp1.Web\Module6.Tp1.Web.csproj", "{EF60AD73-BBDB-46CD-B6CA-465E45C014FF}"
EndProject
Global
	GlobalSection(SolutionConfigurationPlatforms) = preSolution
		Debug|Any CPU = Debug|Any CPU
		Release|Any CPU = Release|Any CPU
	EndGlobalSection
	GlobalSection(ProjectConfigurationPlatforms) = postSolution
		{0C821E05-7B7D-4408-8CCC-34F2C5879C1F}.Debug|Any CPU.ActiveCfg = Debug|Any CPU
		{0C821E05-7B7D-4408-8CCC-34F2C5879C1F}.Debug|Any CPU.Build.0 = Debug|Any CPU
		{0C821E05-7B7D-4408-8CCC-34F2C5879C1F}.Release|Any CPU.ActiveCfg = Release|Any CPU
		{0C821E05-7B7D-4408-8CCC-34F2C5879C1F}.Release|Any CPU.Build.0 = Release|Any CPU
		{C3D49EA5-AB83-474A-A650-B92CBB884CEB}.Debug|Any CPU.ActiveCfg = Debug|Any CPU
		{C3D49EA5-AB83-474A-A650-B92CBB884CEB}.Debug|Any CPU.Build.0 = Debug|Any CPU
		{C3D49EA5-AB83-474A-A650-B92CBB884CEB}.Release|Any CPU.ActiveCfg = Release|Any CPU
		{C3D49EA5-AB83-474A-A650-B92CBB884CEB}.Release|Any CPU.Build.0 = Release|Any CPU
		{373B3D97-22CB-4DE6-ABC3-56739AD553E6}.Debug|Any CPU.ActiveCfg = Debug|Any CPU
		{373B3D97-22CB-4DE6-ABC3-56739AD553E6}.Debug|Any CPU.Build.0 = Debug|Any CPU
		{373B3D97-22CB-4DE6-ABC3-56739AD553E6}.Release|Any CPU.ActiveCfg = Release|Any CPU
		{373B3D97-22CB-4DE6-ABC3-56739AD553E6}.Release|Any CPU.Build.0 = Release|Any CPU
		{E25A0BC1-64DC-415A-9625-FFE2CAB6209A}.Debug|Any CPU.ActiveCfg = Debug|Any CPU
		{E25A0BC1-64DC-415A-9625-FFE2CAB6209A}.Debug|Any CPU.Build.0 = Debug|Any CPU
		{E25A0BC1-64DC-415A-9625-FFE2CAB6209A}.Release|Any CPU.ActiveCfg = Release|Any CPU
		{E25A0BC1-64DC-415A-9625-FFE2CAB6209A}.Release|Any CPU.Build.0 = Release|Any CPU
		{DAA319AC-8F66-40A4-8CFA-E5A90F0A428B}.Debug|Any CPU.ActiveCfg = Debug|Any CPU
		{DAA319AC-8F66-40A4-8CFA-E5A90F0A428B}.Debug|Any CPU.Build.0 = Debug|Any CPU
		{DAA319AC-8F66-40A4-8CFA-E5A90F0A428B}.Release|Any CPU.ActiveCfg = Release|Any CPU
		{DAA319AC-8F66-40A4-8CFA-E5A90F0A428B}.Release|Any CPU.Build.0 = Release|Any CPU
		{279B5E4A-15DA-4306-9F7C-40F330BD12D2}.Debug|Any CPU.ActiveCfg = Debug|Any CPU
		{279B5E4A-15DA-4306-9F7C-40F330BD12D2}.Debug|Any CPU.Build.0 = Debug|Any CPU
		{279B5E4A-15DA-4306-9F7C-40F330BD12D2}.Release|Any CPU.ActiveCfg = Release|Any CPU
		{279B5E4A-15DA-4306-9F7C-40F330BD12D2}.Release|Any CPU.Build.0 = Release|Any CPU
		{8AF7D5A0-DECA-4543-9C0E-F159C02FCF59}.Debug|Any CPU.ActiveCfg = Debug|Any CPU
		{8AF7D5A0-DECA-4543-9C0E-F159C02FCF59}.Debug|Any CPU.Build.0 = Debug|Any CPU
		{8AF7D5A0-DECA-4543-9C0E-F159C02FCF59}.Release|Any CPU.ActiveCfg = Release|Any CPU
		{8AF7D5A0-DECA-4543-9C0E-F159C02FCF59}.Release|Any CPU.Build.0 = Release|Any CPU
		{E819DEAE-E422-4D7A-95D5-B77D1808BE59}.Debug|Any CPU.ActiveCfg = Debug|Any CPU
		{E819DEAE-E422-4D7A-95D5-B77D1808BE59}.Debug|Any CPU.Build.0 = Debug|Any CPU
		{E819DEAE-E422-4D7A-95D5-B77D1808BE59}.Release|Any CPU.ActiveCfg = Release|Any CPU
		{E819DEAE-E422-4D7A-95D5-B77D1808BE59}.Release|Any CPU.Build.0 = Release|Any CPU
		{140A1B67-7E5F-481B-9822-FCCB5D2D325D}.Debug|Any CPU.ActiveCfg = Debug|Any CPU
		{140A1B67-7E5F-481B-9822-FCCB5D2D325D}.Debug|Any CPU.Build.0 = Debug|Any CPU
		{140A1B67-7E5F-481B-9822-FCCB5D2D325D}.Release|Any CPU.ActiveCfg = Release|Any CPU
		{140A1B67-7E5F-481B-9822-FCCB5D2D325D}.Release|Any CPU.Build.0 = Release|Any CPU
		{FE41D43A-E20A-4A5D-8057-A2D90410F695}.Debug|Any CPU.ActiveCfg = Debug|Any CPU
		{FE41D43A-E20A-4A5D-8057-A2D90410F695}.Debug|Any CPU.Build.0 = Debug|Any CPU
		{FE41D43A-E20A-4A5D-8057-A2D90410F695}.Release|Any CPU.ActiveCfg = Release|Any CPU
		{FE41D43A-E20A-4A5D-8057-A2D90410F695}.Release|Any CPU.Build.0 = Release|Any CPU
		{D01A183D-AE14-4F1E-B400-7348203F5893}.Debug|Any CPU.ActiveCfg = Debug|Any CPU
		{D01A183D-AE14-4F1E-B400-7348203F5893}.Debug|Any CPU.Build.0 = Debug|Any CPU
		{D01A183D-AE14-4F1E-B400-7348203F5893}.Release|Any CPU.ActiveCfg = Release|Any CPU
		{D01A183D-AE14-4F1E-B400-7348203F5893}.Release|Any CPU.Build.0 = Release|Any CPU
		{C17C4297-C988-4C59-A021-1EFAE08F745A}.Debug|Any CPU.ActiveCfg = Debug|Any CPU
		{C17C4297-C988-4C59-A021-1EFAE08F745A}.Debug|Any CPU.Build.0 = Debug|Any CPU
		{C17C4297-C988-4C59-A021-1EFAE08F745A}.Release|Any CPU.ActiveCfg = Release|Any CPU
		{C17C4297-C988-4C59-A021-1EFAE08F745A}.Release|Any CPU.Build.0 = Release|Any CPU
		{5CCA7CAC-3A68-4766-8D29-CF09E622C228}.Debug|Any CPU.ActiveCfg = Debug|Any CPU
		{5CCA7CAC-3A68-4766-8D29-CF09E622C228}.Debug|Any CPU.Build.0 = Debug|Any CPU
		{5CCA7CAC-3A68-4766-8D29-CF09E622C228}.Release|Any CPU.ActiveCfg = Release|Any CPU
		{5CCA7CAC-3A68-4766-8D29-CF09E622C228}.Release|Any CPU.Build.0 = Release|Any CPU
		{44242654-C41F-4508-AEAB-71C383A13C31}.Debug|Any CPU.ActiveCfg = Debug|Any CPU
		{44242654-C41F-4508-AEAB-71C383A13C31}.Debug|Any CPU.Build.0 = Debug|Any CPU
		{44242654-C41F-4508-AEAB-71C383A13C31}.Release|Any CPU.ActiveCfg = Release|Any CPU
		{44242654-C41F-4508-AEAB-71C383A13C31}.Release|Any CPU.Build.0 = Release|Any CPU
		{EF60AD73-BBDB-46CD-B6CA-465E45C014FF}.Debug|Any CPU.ActiveCfg = Debug|Any CPU
		{EF60AD73-BBDB-46CD-B6CA-465E45C014FF}.Debug|Any CPU.Build.0 = Debug|Any CPU
		{EF60AD73-BBDB-46CD-B6CA-465E45C014FF}.Release|Any CPU.ActiveCfg = Release|Any CPU
		{EF60AD73-BBDB-46CD-B6CA-465E45C014FF}.Release|Any CPU.Build.0 = Release|Any CPU
	EndGlobalSection
	GlobalSection(SolutionProperties) = preSolution
		HideSolutionNode = FALSE
	EndGlobalSection
	GlobalSection(NestedProjects) = preSolution
		{0C821E05-7B7D-4408-8CCC-34F2C5879C1F} = {05959F4C-5621-45E4-8AFE-6B217FD0816F}
		{C3D49EA5-AB83-474A-A650-B92CBB884CEB} = {26412CA4-27DE-4CD6-B796-9F2038DCCB90}
		{373B3D97-22CB-4DE6-ABC3-56739AD553E6} = {26412CA4-27DE-4CD6-B796-9F2038DCCB90}
		{E25A0BC1-64DC-415A-9625-FFE2CAB6209A} = {19822451-114D-492A-89D3-DE649F94DBDE}
		{DAA319AC-8F66-40A4-8CFA-E5A90F0A428B} = {A8159754-6522-4360-9CCC-9564403153FC}
		{279B5E4A-15DA-4306-9F7C-40F330BD12D2} = {4C072260-F78C-4026-8013-F9598A0E9F96}
		{8AF7D5A0-DECA-4543-9C0E-F159C02FCF59} = {4CFC23AB-2010-46F2-AE90-28D5C9C6A628}
		{E819DEAE-E422-4D7A-95D5-B77D1808BE59} = {5D1243C6-06C5-489E-A8AC-0F29DF865370}
		{140A1B67-7E5F-481B-9822-FCCB5D2D325D} = {180687EC-BD97-4C65-86A4-D940ACFFC54B}
		{FE41D43A-E20A-4A5D-8057-A2D90410F695} = {180687EC-BD97-4C65-86A4-D940ACFFC54B}
		{D01A183D-AE14-4F1E-B400-7348203F5893} = {1A319C63-019D-4DE4-AEE2-38458364A110}
		{C17C4297-C988-4C59-A021-1EFAE08F745A} = {1A319C63-019D-4DE4-AEE2-38458364A110}
		{5CCA7CAC-3A68-4766-8D29-CF09E622C228} = {7D3290EA-DD20-41AF-9611-5297D4FB3575}
		{44242654-C41F-4508-AEAB-71C383A13C31} = {7D3290EA-DD20-41AF-9611-5297D4FB3575}
		{EF60AD73-BBDB-46CD-B6CA-465E45C014FF} = {7D3290EA-DD20-41AF-9611-5297D4FB3575}
	EndGlobalSection
	GlobalSection(ExtensibilityGlobals) = postSolution
		SolutionGuid = {106857CA-CCE2-4A4D-AD20-BE6D20972997}
	EndGlobalSection
EndGlobal
